
Microsoft Visual Studio Solution File, Format Version 12.00
# Visual Studio Version 16
VisualStudioVersion = 16.0.31729.503
MinimumVisualStudioVersion = 10.0.40219.1
Project("{FAE04EC0-301F-11D3-BF4B-00C04F79EFBC}") = "TradingManagmentSystem", "TradingManagmentSystem\TradingManagmentSystem.csproj", "{1C3ECCE8-ABEF-48CF-A724-FE82B3AF0ABD}"
EndProject
Global
	GlobalSection(SolutionConfigurationPlatforms) = preSolution
		Debug|Any CPU = Debug|Any CPU
		Release|Any CPU = Release|Any CPU
	EndGlobalSection
	GlobalSection(ProjectConfigurationPlatforms) = postSolution
		{1C3ECCE8-ABEF-48CF-A724-FE82B3AF0ABD}.Debug|Any CPU.ActiveCfg = Debug|Any CPU
		{1C3ECCE8-ABEF-48CF-A724-FE82B3AF0ABD}.Debug|Any CPU.Build.0 = Debug|Any CPU
		{1C3ECCE8-ABEF-48CF-A724-FE82B3AF0ABD}.Release|Any CPU.ActiveCfg = Release|Any CPU
		{1C3ECCE8-ABEF-48CF-A724-FE82B3AF0ABD}.Release|Any CPU.Build.0 = Release|Any CPU
	EndGlobalSection
	GlobalSection(SolutionProperties) = preSolution
		HideSolutionNode = FALSE
	EndGlobalSection
	GlobalSection(ExtensibilityGlobals) = postSolution
		SolutionGuid = {5ACE7023-9442-42EA-8C7F-653945CD1B6E}
	EndGlobalSection
EndGlobal
